// !$*UTF8*$!
{
	archiveVersion = 1;
	classes = {
	};
	objectVersion = 46;
	objects = {

/* Begin PBXBuildFile section */
		55581EEC167CBB4E00F585D3 /* UIKit.framework in Frameworks */ = {isa = PBXBuildFile; fileRef = 55581EEB167CBB4E00F585D3 /* UIKit.framework */; };
		55581EEE167CBB4E00F585D3 /* Foundation.framework in Frameworks */ = {isa = PBXBuildFile; fileRef = 55581EED167CBB4E00F585D3 /* Foundation.framework */; };
		55581EF0167CBB4E00F585D3 /* CoreGraphics.framework in Frameworks */ = {isa = PBXBuildFile; fileRef = 55581EEF167CBB4E00F585D3 /* CoreGraphics.framework */; };
		55581EF6167CBB4E00F585D3 /* InfoPlist.strings in Resources */ = {isa = PBXBuildFile; fileRef = 55581EF4167CBB4E00F585D3 /* InfoPlist.strings */; };
		55581EF8167CBB4E00F585D3 /* main.m in Sources */ = {isa = PBXBuildFile; fileRef = 55581EF7167CBB4E00F585D3 /* main.m */; };
		55581EFC167CBB4E00F585D3 /* AppDelegate.m in Sources */ = {isa = PBXBuildFile; fileRef = 55581EFB167CBB4E00F585D3 /* AppDelegate.m */; };
		55581EFE167CBB4E00F585D3 /* Default.png in Resources */ = {isa = PBXBuildFile; fileRef = 55581EFD167CBB4E00F585D3 /* Default.png */; };
		55581F00167CBB4E00F585D3 /* Default@2x.png in Resources */ = {isa = PBXBuildFile; fileRef = 55581EFF167CBB4E00F585D3 /* Default@2x.png */; };
		55581F02167CBB4F00F585D3 /* Default-568h@2x.png in Resources */ = {isa = PBXBuildFile; fileRef = 55581F01167CBB4E00F585D3 /* Default-568h@2x.png */; };
		55581F05167CBB4F00F585D3 /* MainStoryboard.storyboard in Resources */ = {isa = PBXBuildFile; fileRef = 55581F03167CBB4F00F585D3 /* MainStoryboard.storyboard */; };
		55581F08167CBB4F00F585D3 /* ViewController.m in Sources */ = {isa = PBXBuildFile; fileRef = 55581F07167CBB4F00F585D3 /* ViewController.m */; };
/* End PBXBuildFile section */

/* Begin PBXFileReference section */
		55581EE7167CBB4E00F585D3 /* MyFirstApp.app */ = {isa = PBXFileReference; explicitFileType = wrapper.application; includeInIndex = 0; path = MyFirstApp.app; sourceTree = BUILT_PRODUCTS_DIR; };
		55581EEB167CBB4E00F585D3 /* UIKit.framework */ = {isa = PBXFileReference; lastKnownFileType = wrapper.framework; name = UIKit.framework; path = System/Library/Frameworks/UIKit.framework; sourceTree = SDKROOT; };
		55581EED167CBB4E00F585D3 /* Foundation.framework */ = {isa = PBXFileReference; lastKnownFileType = wrapper.framework; name = Foundation.framework; path = System/Library/Frameworks/Foundation.framework; sourceTree = SDKROOT; };
		55581EEF167CBB4E00F585D3 /* CoreGraphics.framework */ = {isa = PBXFileReference; lastKnownFileType = wrapper.framework; name = CoreGraphics.framework; path = System/Library/Frameworks/CoreGraphics.framework; sourceTree = SDKROOT; };
		55581EF3167CBB4E00F585D3 /* MyFirstApp-Info.plist */ = {isa = PBXFileReference; lastKnownFileType = text.plist.xml; path = "MyFirstApp-Info.plist"; sourceTree = "<group>"; };
		55581EF5167CBB4E00F585D3 /* en */ = {isa = PBXFileReference; lastKnownFileType = text.plist.strings; name = en; path = en.lproj/InfoPlist.strings; sourceTree = "<group>"; };
		55581EF7167CBB4E00F585D3 /* main.m */ = {isa = PBXFileReference; lastKnownFileType = sourcecode.c.objc; path = main.m; sourceTree = "<group>"; };
		55581EF9167CBB4E00F585D3 /* MyFirstApp-Prefix.pch */ = {isa = PBXFileReference; lastKnownFileType = sourcecode.c.h; path = "MyFirstApp-Prefix.pch"; sourceTree = "<group>"; };
		55581EFA167CBB4E00F585D3 /* AppDelegate.h */ = {isa = PBXFileReference; lastKnownFileType = sourcecode.c.h; path = AppDelegate.h; sourceTree = "<group>"; };
		55581EFB167CBB4E00F585D3 /* AppDelegate.m */ = {isa = PBXFileReference; lastKnownFileType = sourcecode.c.objc; path = AppDelegate.m; sourceTree = "<group>"; };
		55581EFD167CBB4E00F585D3 /* Default.png */ = {isa = PBXFileReference; lastKnownFileType = image.png; path = Default.png; sourceTree = "<group>"; };
		55581EFF167CBB4E00F585D3 /* Default@2x.png */ = {isa = PBXFileReference; lastKnownFileType = image.png; path = "Default@2x.png"; sourceTree = "<group>"; };
		55581F01167CBB4E00F585D3 /* Default-568h@2x.png */ = {isa = PBXFileReference; lastKnownFileType = image.png; path = "Default-568h@2x.png"; sourceTree = "<group>"; };
		55581F04167CBB4F00F585D3 /* en */ = {isa = PBXFileReference; lastKnownFileType = file.storyboard; name = en; path = en.lproj/MainStoryboard.storyboard; sourceTree = "<group>"; };
		55581F06167CBB4F00F585D3 /* ViewController.h */ = {isa = PBXFileReference; lastKnownFileType = sourcecode.c.h; path = ViewController.h; sourceTree = "<group>"; };
		55581F07167CBB4F00F585D3 /* ViewController.m */ = {isa = PBXFileReference; lastKnownFileType = sourcecode.c.objc; path = ViewController.m; sourceTree = "<group>"; };
/* End PBXFileReference section */

/* Begin PBXFrameworksBuildPhase section */
		55581EE4167CBB4E00F585D3 /* Frameworks */ = {
			isa = PBXFrameworksBuildPhase;
			buildActionMask = 2147483647;
			files = (
				55581EEC167CBB4E00F585D3 /* UIKit.framework in Frameworks */,
				55581EEE167CBB4E00F585D3 /* Foundation.framework in Frameworks */,
				55581EF0167CBB4E00F585D3 /* CoreGraphics.framework in Frameworks */,
			);
			runOnlyForDeploymentPostprocessing = 0;
		};
/* End PBXFrameworksBuildPhase section */

/* Begin PBXGroup section */
		55581EDC167CBB4E00F585D3 = {
			isa = PBXGroup;
			children = (
				55581EF1167CBB4E00F585D3 /* MyFirstApp */,
				55581EEA167CBB4E00F585D3 /* Frameworks */,
				55581EE8167CBB4E00F585D3 /* Products */,
			);
			sourceTree = "<group>";
		};
		55581EE8167CBB4E00F585D3 /* Products */ = {
			isa = PBXGroup;
			children = (
				55581EE7167CBB4E00F585D3 /* MyFirstApp.app */,
			);
			name = Products;
			sourceTree = "<group>";
		};
		55581EEA167CBB4E00F585D3 /* Frameworks */ = {
			isa = PBXGroup;
			children = (
				55581EEB167CBB4E00F585D3 /* UIKit.framework */,
				55581EED167CBB4E00F585D3 /* Foundation.framework */,
				55581EEF167CBB4E00F585D3 /* CoreGraphics.framework */,
			);
			name = Frameworks;
			sourceTree = "<group>";
		};
		55581EF1167CBB4E00F585D3 /* MyFirstApp */ = {
			isa = PBXGroup;
			children = (
				55581EFA167CBB4E00F585D3 /* AppDelegate.h */,
				55581EFB167CBB4E00F585D3 /* AppDelegate.m */,
				55581F03167CBB4F00F585D3 /* MainStoryboard.storyboard */,
				55581F06167CBB4F00F585D3 /* ViewController.h */,
				55581F07167CBB4F00F585D3 /* ViewController.m */,
				55581EF2167CBB4E00F585D3 /* Supporting Files */,
			);
			path = MyFirstApp;
			sourceTree = "<group>";
		};
		55581EF2167CBB4E00F585D3 /* Supporting Files */ = {
			isa = PBXGroup;
			children = (
				55581EF3167CBB4E00F585D3 /* MyFirstApp-Info.plist */,
				55581EF4167CBB4E00F585D3 /* InfoPlist.strings */,
				55581EF7167CBB4E00F585D3 /* main.m */,
				55581EF9167CBB4E00F585D3 /* MyFirstApp-Prefix.pch */,
				55581EFD167CBB4E00F585D3 /* Default.png */,
				55581EFF167CBB4E00F585D3 /* Default@2x.png */,
				55581F01167CBB4E00F585D3 /* Default-568h@2x.png */,
			);
			name = "Supporting Files";
			sourceTree = "<group>";
		};
/* End PBXGroup section */

/* Begin PBXNativeTarget section */
		55581EE6167CBB4E00F585D3 /* MyFirstApp */ = {
			isa = PBXNativeTarget;
			buildConfigurationList = 55581F0B167CBB4F00F585D3 /* Build configuration list for PBXNativeTarget "MyFirstApp" */;
			buildPhases = (
				55581EE3167CBB4E00F585D3 /* Sources */,
				55581EE4167CBB4E00F585D3 /* Frameworks */,
				55581EE5167CBB4E00F585D3 /* Resources */,
			);
			buildRules = (
			);
			dependencies = (
			);
			name = MyFirstApp;
			productName = MyFirstApp;
			productReference = 55581EE7167CBB4E00F585D3 /* MyFirstApp.app */;
			productType = "com.apple.product-type.application";
		};
/* End PBXNativeTarget section */

/* Begin PBXProject section */
		55581EDE167CBB4E00F585D3 /* Project object */ = {
			isa = PBXProject;
			attributes = {
				LastUpgradeCheck = 0450;
				ORGANIZATIONNAME = tsuwabuki;
			};
			buildConfigurationList = 55581EE1167CBB4E00F585D3 /* Build configuration list for PBXProject "MyFirstApp" */;
			compatibilityVersion = "Xcode 3.2";
			developmentRegion = English;
			hasScannedForEncodings = 0;
			knownRegions = (
				en,
			);
			mainGroup = 55581EDC167CBB4E00F585D3;
			productRefGroup = 55581EE8167CBB4E00F585D3 /* Products */;
			projectDirPath = "";
			projectRoot = "";
			targets = (
				55581EE6167CBB4E00F585D3 /* MyFirstApp */,
			);
		};
/* End PBXProject section */

/* Begin PBXResourcesBuildPhase section */
		55581EE5167CBB4E00F585D3 /* Resources */ = {
			isa = PBXResourcesBuildPhase;
			buildActionMask = 2147483647;
			files = (
				55581EF6167CBB4E00F585D3 /* InfoPlist.strings in Resources */,
				55581EFE167CBB4E00F585D3 /* Default.png in Resources */,
				55581F00167CBB4E00F585D3 /* Default@2x.png in Resources */,
				55581F02167CBB4F00F585D3 /* Default-568h@2x.png in Resources */,
				55581F05167CBB4F00F585D3 /* MainStoryboard.storyboard in Resources */,
			);
			runOnlyForDeploymentPostprocessing = 0;
		};
/* End PBXResourcesBuildPhase section */

/* Begin PBXSourcesBuildPhase section */
		55581EE3167CBB4E00F585D3 /* Sources */ = {
			isa = PBXSourcesBuildPhase;
			buildActionMask = 2147483647;
			files = (
				55581EF8167CBB4E00F585D3 /* main.m in Sources */,
				55581EFC167CBB4E00F585D3 /* AppDelegate.m in Sources */,
				55581F08167CBB4F00F585D3 /* ViewController.m in Sources */,
			);
			runOnlyForDeploymentPostprocessing = 0;
		};
/* End PBXSourcesBuildPhase section */

/* Begin PBXVariantGroup section */
		55581EF4167CBB4E00F585D3 /* InfoPlist.strings */ = {
			isa = PBXVariantGroup;
			children = (
				55581EF5167CBB4E00F585D3 /* en */,
			);
			name = InfoPlist.strings;
			sourceTree = "<group>";
		};
		55581F03167CBB4F00F585D3 /* MainStoryboard.storyboard */ = {
			isa = PBXVariantGroup;
			children = (
				55581F04167CBB4F00F585D3 /* en */,
			);
			name = MainStoryboard.storyboard;
			sourceTree = "<group>";
		};
/* End PBXVariantGroup section */

/* Begin XCBuildConfiguration section */
		55581F09167CBB4F00F585D3 /* Debug */ = {
			isa = XCBuildConfiguration;
			buildSettings = {
				ALWAYS_SEARCH_USER_PATHS = NO;
				CLANG_CXX_LANGUAGE_STANDARD = "gnu++0x";
				CLANG_CXX_LIBRARY = "libc++";
				CLANG_ENABLE_OBJC_ARC = YES;
				CLANG_WARN_EMPTY_BODY = YES;
				CLANG_WARN__DUPLICATE_METHOD_MATCH = YES;
				"CODE_SIGN_IDENTITY[sdk=iphoneos*]" = "iPhone Developer";
				COPY_PHASE_STRIP = NO;
				GCC_C_LANGUAGE_STANDARD = gnu99;
				GCC_DYNAMIC_NO_PIC = NO;
				GCC_OPTIMIZATION_LEVEL = 0;
				GCC_PREPROCESSOR_DEFINITIONS = (
					"DEBUG=1",
					"$(inherited)",
				);
				GCC_SYMBOLS_PRIVATE_EXTERN = NO;
				GCC_WARN_ABOUT_RETURN_TYPE = YES;
				GCC_WARN_UNINITIALIZED_AUTOS = YES;
				GCC_WARN_UNUSED_VARIABLE = YES;
				IPHONEOS_DEPLOYMENT_TARGET = 6.0;
				ONLY_ACTIVE_ARCH = YES;
				SDKROOT = iphoneos;
			};
			name = Debug;
		};
		55581F0A167CBB4F00F585D3 /* Release */ = {
			isa = XCBuildConfiguration;
			buildSettings = {
				ALWAYS_SEARCH_USER_PATHS = NO;
				CLANG_CXX_LANGUAGE_STANDARD = "gnu++0x";
				CLANG_CXX_LIBRARY = "libc++";
				CLANG_ENABLE_OBJC_ARC = YES;
				CLANG_WARN_EMPTY_BODY = YES;
				CLANG_WARN__DUPLICATE_METHOD_MATCH = YES;
				"CODE_SIGN_IDENTITY[sdk=iphoneos*]" = "iPhone Developer";
				COPY_PHASE_STRIP = YES;
				GCC_C_LANGUAGE_STANDARD = gnu99;
				GCC_WARN_ABOUT_RETURN_TYPE = YES;
				GCC_WARN_UNINITIALIZED_AUTOS = YES;
				GCC_WARN_UNUSED_VARIABLE = YES;
				IPHONEOS_DEPLOYMENT_TARGET = 6.0;
				OTHER_CFLAGS = "-DNS_BLOCK_ASSERTIONS=1";
				SDKROOT = iphoneos;
				VALIDATE_PRODUCT = YES;
			};
			name = Release;
		};
		55581F0C167CBB4F00F585D3 /* Debug */ = {
			isa = XCBuildConfiguration;
			buildSettings = {
				GCC_PRECOMPILE_PREFIX_HEADER = YES;
				GCC_PREFIX_HEADER = "MyFirstApp/MyFirstApp-Prefix.pch";
				INFOPLIST_FILE = "MyFirstApp/MyFirstApp-Info.plist";
				PRODUCT_NAME = "$(TARGET_NAME)";
				WRAPPER_EXTENSION = app;
			};
			name = Debug;
		};
		55581F0D167CBB4F00F585D3 /* Release */ = {
			isa = XCBuildConfiguration;
			buildSettings = {
				GCC_PRECOMPILE_PREFIX_HEADER = YES;
				GCC_PREFIX_HEADER = "MyFirstApp/MyFirstApp-Prefix.pch";
				INFOPLIST_FILE = "MyFirstApp/MyFirstApp-Info.plist";
				PRODUCT_NAME = "$(TARGET_NAME)";
				WRAPPER_EXTENSION = app;
			};
			name = Release;
		};
/* End XCBuildConfiguration section */

/* Begin XCConfigurationList section */
		55581EE1167CBB4E00F585D3 /* Build configuration list for PBXProject "MyFirstApp" */ = {
			isa = XCConfigurationList;
			buildConfigurations = (
				55581F09167CBB4F00F585D3 /* Debug */,
				55581F0A167CBB4F00F585D3 /* Release */,
			);
			defaultConfigurationIsVisible = 0;
			defaultConfigurationName = Release;
		};
		55581F0B167CBB4F00F585D3 /* Build configuration list for PBXNativeTarget "MyFirstApp" */ = {
			isa = XCConfigurationList;
			buildConfigurations = (
				55581F0C167CBB4F00F585D3 /* Debug */,
				55581F0D167CBB4F00F585D3 /* Release */,
			);
			defaultConfigurationIsVisible = 0;
		};
/* End XCConfigurationList section */
	};
	rootObject = 55581EDE167CBB4E00F585D3 /* Project object */;
}
